
Microsoft Visual Studio Solution File, Format Version 12.00
# Visual Studio 14
VisualStudioVersion = 14.0.25420.1
MinimumVisualStudioVersion = 10.0.40219.1
Project("{2150E333-8FDC-42A3-9474-1A3956D46DE8}") = "Core", "Core", "{90C96A9C-37DA-47A4-9F4C-4EC1681BB740}"
EndProject
Project("{2150E333-8FDC-42A3-9474-1A3956D46DE8}") = "Domain", "Domain", "{3FB306DF-C1AD-477C-BFAB-738C7EF01E12}"
EndProject
Project("{2150E333-8FDC-42A3-9474-1A3956D46DE8}") = "Services", "Services", "{917874E6-FCC2-43EC-B422-37D86E927B78}"
EndProject
Project("{FAE04EC0-301F-11D3-BF4B-00C04F79EFBC}") = "MyApp.ServiceContracts", "MyApp.ServiceContracts\MyApp.ServiceContracts.csproj", "{E3CDE355-6D26-4090-A41B-8AF4BE56686A}"
EndProject
Project("{FAE04EC0-301F-11D3-BF4B-00C04F79EFBC}") = "MyApp.Services", "MyApp.Services\MyApp.Services.csproj", "{C81DA28B-97D5-45CF-9115-ACB920DCF3E1}"
EndProject
Project("{2150E333-8FDC-42A3-9474-1A3956D46DE8}") = "Tests", "Tests", "{A177792D-B59D-4666-904C-6DEA20BF1773}"
EndProject
Project("{2150E333-8FDC-42A3-9474-1A3956D46DE8}") = "UI", "UI", "{A20CD9A3-0992-4697-803A-4DDB7F5CDE85}"
EndProject
Project("{2150E333-8FDC-42A3-9474-1A3956D46DE8}") = "Core", "Core", "{09183DEE-951F-41BB-BF3D-F4BEE6F9E42A}"
EndProject
Project("{2150E333-8FDC-42A3-9474-1A3956D46DE8}") = "Services", "Services", "{3FE14140-75F9-49F1-A29F-66B9D167CA20}"
EndProject
Project("{FAE04EC0-301F-11D3-BF4B-00C04F79EFBC}") = "MyApp.Services.Tests", "MyApp.Services.Tests\MyApp.Services.Tests.csproj", "{46380F31-1D6E-4A6C-BA02-1F8207ECE2B8}"
EndProject
Project("{FAE04EC0-301F-11D3-BF4B-00C04F79EFBC}") = "MyApp.Website", "MyApp.Website\MyApp.Website.csproj", "{556A667D-FD85-4CAD-926D-60F225B49066}"
EndProject
Global
	GlobalSection(SolutionConfigurationPlatforms) = preSolution
		Debug|Any CPU = Debug|Any CPU
		Release|Any CPU = Release|Any CPU
	EndGlobalSection
	GlobalSection(ProjectConfigurationPlatforms) = postSolution
		{E3CDE355-6D26-4090-A41B-8AF4BE56686A}.Debug|Any CPU.ActiveCfg = Debug|Any CPU
		{E3CDE355-6D26-4090-A41B-8AF4BE56686A}.Debug|Any CPU.Build.0 = Debug|Any CPU
		{E3CDE355-6D26-4090-A41B-8AF4BE56686A}.Release|Any CPU.ActiveCfg = Release|Any CPU
		{E3CDE355-6D26-4090-A41B-8AF4BE56686A}.Release|Any CPU.Build.0 = Release|Any CPU
		{C81DA28B-97D5-45CF-9115-ACB920DCF3E1}.Debug|Any CPU.ActiveCfg = Debug|Any CPU
		{C81DA28B-97D5-45CF-9115-ACB920DCF3E1}.Debug|Any CPU.Build.0 = Debug|Any CPU
		{C81DA28B-97D5-45CF-9115-ACB920DCF3E1}.Release|Any CPU.ActiveCfg = Release|Any CPU
		{C81DA28B-97D5-45CF-9115-ACB920DCF3E1}.Release|Any CPU.Build.0 = Release|Any CPU
		{46380F31-1D6E-4A6C-BA02-1F8207ECE2B8}.Debug|Any CPU.ActiveCfg = Debug|Any CPU
		{46380F31-1D6E-4A6C-BA02-1F8207ECE2B8}.Debug|Any CPU.Build.0 = Debug|Any CPU
		{46380F31-1D6E-4A6C-BA02-1F8207ECE2B8}.Release|Any CPU.ActiveCfg = Release|Any CPU
		{46380F31-1D6E-4A6C-BA02-1F8207ECE2B8}.Release|Any CPU.Build.0 = Release|Any CPU
		{556A667D-FD85-4CAD-926D-60F225B49066}.Debug|Any CPU.ActiveCfg = Debug|Any CPU
		{556A667D-FD85-4CAD-926D-60F225B49066}.Debug|Any CPU.Build.0 = Debug|Any CPU
		{556A667D-FD85-4CAD-926D-60F225B49066}.Release|Any CPU.ActiveCfg = Release|Any CPU
		{556A667D-FD85-4CAD-926D-60F225B49066}.Release|Any CPU.Build.0 = Release|Any CPU
	EndGlobalSection
	GlobalSection(SolutionProperties) = preSolution
		HideSolutionNode = FALSE
	EndGlobalSection
	GlobalSection(NestedProjects) = preSolution
		{3FB306DF-C1AD-477C-BFAB-738C7EF01E12} = {90C96A9C-37DA-47A4-9F4C-4EC1681BB740}
		{917874E6-FCC2-43EC-B422-37D86E927B78} = {90C96A9C-37DA-47A4-9F4C-4EC1681BB740}
		{E3CDE355-6D26-4090-A41B-8AF4BE56686A} = {3FB306DF-C1AD-477C-BFAB-738C7EF01E12}
		{C81DA28B-97D5-45CF-9115-ACB920DCF3E1} = {917874E6-FCC2-43EC-B422-37D86E927B78}
		{09183DEE-951F-41BB-BF3D-F4BEE6F9E42A} = {A177792D-B59D-4666-904C-6DEA20BF1773}
		{3FE14140-75F9-49F1-A29F-66B9D167CA20} = {09183DEE-951F-41BB-BF3D-F4BEE6F9E42A}
		{46380F31-1D6E-4A6C-BA02-1F8207ECE2B8} = {3FE14140-75F9-49F1-A29F-66B9D167CA20}
		{556A667D-FD85-4CAD-926D-60F225B49066} = {A20CD9A3-0992-4697-803A-4DDB7F5CDE85}
	EndGlobalSection
EndGlobal
